// !$*UTF8*$!
{
	archiveVersion = 1;
	classes = {
	};
	objectVersion = 46;
	objects = {

/* Begin PBXBuildFile section */
		46A6CB5519261B8A0023155D /* SSStop.m in Sources */ = {isa = PBXBuildFile; fileRef = 46A6CB5419261B8A0023155D /* SSStop.m */; };
		46A6CB5819261D6E0023155D /* SSLine.m in Sources */ = {isa = PBXBuildFile; fileRef = 46A6CB5719261D6E0023155D /* SSLine.m */; };
		46A6CB5B192620E30023155D /* SSService.m in Sources */ = {isa = PBXBuildFile; fileRef = 46A6CB5A192620E30023155D /* SSService.m */; };
		46A6CB5F192641E20023155D /* stops.json in Resources */ = {isa = PBXBuildFile; fileRef = 46A6CB5D192641E20023155D /* stops.json */; };
		55C9827019260E6B001D8297 /* Foundation.framework in Frameworks */ = {isa = PBXBuildFile; fileRef = 55C9826F19260E6B001D8297 /* Foundation.framework */; };
		55C9827219260E6B001D8297 /* CoreGraphics.framework in Frameworks */ = {isa = PBXBuildFile; fileRef = 55C9827119260E6B001D8297 /* CoreGraphics.framework */; };
		55C9827419260E6B001D8297 /* UIKit.framework in Frameworks */ = {isa = PBXBuildFile; fileRef = 55C9827319260E6B001D8297 /* UIKit.framework */; };
		55C9827A19260E6B001D8297 /* InfoPlist.strings in Resources */ = {isa = PBXBuildFile; fileRef = 55C9827819260E6B001D8297 /* InfoPlist.strings */; };
		55C9827C19260E6B001D8297 /* main.m in Sources */ = {isa = PBXBuildFile; fileRef = 55C9827B19260E6B001D8297 /* main.m */; };
		55C9828019260E6B001D8297 /* SSAppDelegate.m in Sources */ = {isa = PBXBuildFile; fileRef = 55C9827F19260E6B001D8297 /* SSAppDelegate.m */; };
		55C9828319260E6B001D8297 /* Main.storyboard in Resources */ = {isa = PBXBuildFile; fileRef = 55C9828119260E6B001D8297 /* Main.storyboard */; };
		55C9828619260E6B001D8297 /* SSViewController.m in Sources */ = {isa = PBXBuildFile; fileRef = 55C9828519260E6B001D8297 /* SSViewController.m */; };
		55C9828819260E6B001D8297 /* Images.xcassets in Resources */ = {isa = PBXBuildFile; fileRef = 55C9828719260E6B001D8297 /* Images.xcassets */; };
		55C9828F19260E6C001D8297 /* XCTest.framework in Frameworks */ = {isa = PBXBuildFile; fileRef = 55C9828E19260E6C001D8297 /* XCTest.framework */; };
		55C9829019260E6C001D8297 /* Foundation.framework in Frameworks */ = {isa = PBXBuildFile; fileRef = 55C9826F19260E6B001D8297 /* Foundation.framework */; };
		55C9829119260E6C001D8297 /* UIKit.framework in Frameworks */ = {isa = PBXBuildFile; fileRef = 55C9827319260E6B001D8297 /* UIKit.framework */; };
		55C9829919260E6C001D8297 /* InfoPlist.strings in Resources */ = {isa = PBXBuildFile; fileRef = 55C9829719260E6C001D8297 /* InfoPlist.strings */; };
		55C9829B19260E6C001D8297 /* ShortStopTests.m in Sources */ = {isa = PBXBuildFile; fileRef = 55C9829A19260E6C001D8297 /* ShortStopTests.m */; };
		55C982A5192610A8001D8297 /* MapKit.framework in Frameworks */ = {isa = PBXBuildFile; fileRef = 55C982A4192610A8001D8297 /* MapKit.framework */; };
		55C982A8192610FA001D8297 /* SSLocationManager.m in Sources */ = {isa = PBXBuildFile; fileRef = 55C982A7192610FA001D8297 /* SSLocationManager.m */; };
/* End PBXBuildFile section */

/* Begin PBXContainerItemProxy section */
		55C9829219260E6C001D8297 /* PBXContainerItemProxy */ = {
			isa = PBXContainerItemProxy;
			containerPortal = 55C9826419260E6B001D8297 /* Project object */;
			proxyType = 1;
			remoteGlobalIDString = 55C9826B19260E6B001D8297;
			remoteInfo = ShortStop;
		};
/* End PBXContainerItemProxy section */

/* Begin PBXFileReference section */
		46A6CB5319261B8A0023155D /* SSStop.h */ = {isa = PBXFileReference; fileEncoding = 4; lastKnownFileType = sourcecode.c.h; path = SSStop.h; sourceTree = "<group>"; };
		46A6CB5419261B8A0023155D /* SSStop.m */ = {isa = PBXFileReference; fileEncoding = 4; lastKnownFileType = sourcecode.c.objc; path = SSStop.m; sourceTree = "<group>"; };
		46A6CB5619261D6E0023155D /* SSLine.h */ = {isa = PBXFileReference; fileEncoding = 4; lastKnownFileType = sourcecode.c.h; path = SSLine.h; sourceTree = "<group>"; };
		46A6CB5719261D6E0023155D /* SSLine.m */ = {isa = PBXFileReference; fileEncoding = 4; lastKnownFileType = sourcecode.c.objc; path = SSLine.m; sourceTree = "<group>"; };
		46A6CB59192620E20023155D /* SSService.h */ = {isa = PBXFileReference; fileEncoding = 4; lastKnownFileType = sourcecode.c.h; path = SSService.h; sourceTree = "<group>"; };
		46A6CB5A192620E30023155D /* SSService.m */ = {isa = PBXFileReference; fileEncoding = 4; lastKnownFileType = sourcecode.c.objc; path = SSService.m; sourceTree = "<group>"; };
		46A6CB5D192641E20023155D /* stops.json */ = {isa = PBXFileReference; fileEncoding = 4; lastKnownFileType = text.json; path = stops.json; sourceTree = "<group>"; };
		55C9826C19260E6B001D8297 /* ShortStop.app */ = {isa = PBXFileReference; explicitFileType = wrapper.application; includeInIndex = 0; path = ShortStop.app; sourceTree = BUILT_PRODUCTS_DIR; };
		55C9826F19260E6B001D8297 /* Foundation.framework */ = {isa = PBXFileReference; lastKnownFileType = wrapper.framework; name = Foundation.framework; path = System/Library/Frameworks/Foundation.framework; sourceTree = SDKROOT; };
		55C9827119260E6B001D8297 /* CoreGraphics.framework */ = {isa = PBXFileReference; lastKnownFileType = wrapper.framework; name = CoreGraphics.framework; path = System/Library/Frameworks/CoreGraphics.framework; sourceTree = SDKROOT; };
		55C9827319260E6B001D8297 /* UIKit.framework */ = {isa = PBXFileReference; lastKnownFileType = wrapper.framework; name = UIKit.framework; path = System/Library/Frameworks/UIKit.framework; sourceTree = SDKROOT; };
		55C9827719260E6B001D8297 /* ShortStop-Info.plist */ = {isa = PBXFileReference; lastKnownFileType = text.plist.xml; path = "ShortStop-Info.plist"; sourceTree = "<group>"; };
		55C9827919260E6B001D8297 /* en */ = {isa = PBXFileReference; lastKnownFileType = text.plist.strings; name = en; path = en.lproj/InfoPlist.strings; sourceTree = "<group>"; };
		55C9827B19260E6B001D8297 /* main.m */ = {isa = PBXFileReference; lastKnownFileType = sourcecode.c.objc; path = main.m; sourceTree = "<group>"; };
		55C9827D19260E6B001D8297 /* ShortStop-Prefix.pch */ = {isa = PBXFileReference; lastKnownFileType = sourcecode.c.h; path = "ShortStop-Prefix.pch"; sourceTree = "<group>"; };
		55C9827E19260E6B001D8297 /* SSAppDelegate.h */ = {isa = PBXFileReference; lastKnownFileType = sourcecode.c.h; path = SSAppDelegate.h; sourceTree = "<group>"; };
		55C9827F19260E6B001D8297 /* SSAppDelegate.m */ = {isa = PBXFileReference; lastKnownFileType = sourcecode.c.objc; path = SSAppDelegate.m; sourceTree = "<group>"; };
		55C9828219260E6B001D8297 /* Base */ = {isa = PBXFileReference; lastKnownFileType = file.storyboard; name = Base; path = Base.lproj/Main.storyboard; sourceTree = "<group>"; };
		55C9828419260E6B001D8297 /* SSViewController.h */ = {isa = PBXFileReference; lastKnownFileType = sourcecode.c.h; path = SSViewController.h; sourceTree = "<group>"; };
		55C9828519260E6B001D8297 /* SSViewController.m */ = {isa = PBXFileReference; lastKnownFileType = sourcecode.c.objc; path = SSViewController.m; sourceTree = "<group>"; };
		55C9828719260E6B001D8297 /* Images.xcassets */ = {isa = PBXFileReference; lastKnownFileType = folder.assetcatalog; path = Images.xcassets; sourceTree = "<group>"; };
		55C9828D19260E6C001D8297 /* ShortStopTests.xctest */ = {isa = PBXFileReference; explicitFileType = wrapper.cfbundle; includeInIndex = 0; path = ShortStopTests.xctest; sourceTree = BUILT_PRODUCTS_DIR; };
		55C9828E19260E6C001D8297 /* XCTest.framework */ = {isa = PBXFileReference; lastKnownFileType = wrapper.framework; name = XCTest.framework; path = Library/Frameworks/XCTest.framework; sourceTree = DEVELOPER_DIR; };
		55C9829619260E6C001D8297 /* ShortStopTests-Info.plist */ = {isa = PBXFileReference; lastKnownFileType = text.plist.xml; path = "ShortStopTests-Info.plist"; sourceTree = "<group>"; };
		55C9829819260E6C001D8297 /* en */ = {isa = PBXFileReference; lastKnownFileType = text.plist.strings; name = en; path = en.lproj/InfoPlist.strings; sourceTree = "<group>"; };
		55C9829A19260E6C001D8297 /* ShortStopTests.m */ = {isa = PBXFileReference; lastKnownFileType = sourcecode.c.objc; path = ShortStopTests.m; sourceTree = "<group>"; };
		55C982A4192610A8001D8297 /* MapKit.framework */ = {isa = PBXFileReference; lastKnownFileType = wrapper.framework; name = MapKit.framework; path = System/Library/Frameworks/MapKit.framework; sourceTree = SDKROOT; };
		55C982A6192610FA001D8297 /* SSLocationManager.h */ = {isa = PBXFileReference; fileEncoding = 4; lastKnownFileType = sourcecode.c.h; path = SSLocationManager.h; sourceTree = "<group>"; };
		55C982A7192610FA001D8297 /* SSLocationManager.m */ = {isa = PBXFileReference; fileEncoding = 4; lastKnownFileType = sourcecode.c.objc; path = SSLocationManager.m; sourceTree = "<group>"; };
/* End PBXFileReference section */

/* Begin PBXFrameworksBuildPhase section */
		55C9826919260E6B001D8297 /* Frameworks */ = {
			isa = PBXFrameworksBuildPhase;
			buildActionMask = 2147483647;
			files = (
				55C982A5192610A8001D8297 /* MapKit.framework in Frameworks */,
				55C9827219260E6B001D8297 /* CoreGraphics.framework in Frameworks */,
				55C9827419260E6B001D8297 /* UIKit.framework in Frameworks */,
				55C9827019260E6B001D8297 /* Foundation.framework in Frameworks */,
			);
			runOnlyForDeploymentPostprocessing = 0;
		};
		55C9828A19260E6C001D8297 /* Frameworks */ = {
			isa = PBXFrameworksBuildPhase;
			buildActionMask = 2147483647;
			files = (
				55C9828F19260E6C001D8297 /* XCTest.framework in Frameworks */,
				55C9829119260E6C001D8297 /* UIKit.framework in Frameworks */,
				55C9829019260E6C001D8297 /* Foundation.framework in Frameworks */,
			);
			runOnlyForDeploymentPostprocessing = 0;
		};
/* End PBXFrameworksBuildPhase section */

/* Begin PBXGroup section */
		55C9826319260E6B001D8297 = {
			isa = PBXGroup;
			children = (
				55C9827519260E6B001D8297 /* ShortStop */,
				55C9829419260E6C001D8297 /* ShortStopTests */,
				55C9826E19260E6B001D8297 /* Frameworks */,
				55C9826D19260E6B001D8297 /* Products */,
			);
			sourceTree = "<group>";
		};
		55C9826D19260E6B001D8297 /* Products */ = {
			isa = PBXGroup;
			children = (
				55C9826C19260E6B001D8297 /* ShortStop.app */,
				55C9828D19260E6C001D8297 /* ShortStopTests.xctest */,
			);
			name = Products;
			sourceTree = "<group>";
		};
		55C9826E19260E6B001D8297 /* Frameworks */ = {
			isa = PBXGroup;
			children = (
				55C982A4192610A8001D8297 /* MapKit.framework */,
				55C9826F19260E6B001D8297 /* Foundation.framework */,
				55C9827119260E6B001D8297 /* CoreGraphics.framework */,
				55C9827319260E6B001D8297 /* UIKit.framework */,
				55C9828E19260E6C001D8297 /* XCTest.framework */,
			);
			name = Frameworks;
			sourceTree = "<group>";
		};
		55C9827519260E6B001D8297 /* ShortStop */ = {
			isa = PBXGroup;
			children = (
				55C9827E19260E6B001D8297 /* SSAppDelegate.h */,
				55C9827F19260E6B001D8297 /* SSAppDelegate.m */,
				55C9828119260E6B001D8297 /* Main.storyboard */,
				55C9828419260E6B001D8297 /* SSViewController.h */,
				55C9828519260E6B001D8297 /* SSViewController.m */,
				55C982A6192610FA001D8297 /* SSLocationManager.h */,
				55C982A7192610FA001D8297 /* SSLocationManager.m */,
				46A6CB5319261B8A0023155D /* SSStop.h */,
				46A6CB5419261B8A0023155D /* SSStop.m */,
				46A6CB5619261D6E0023155D /* SSLine.h */,
				46A6CB5719261D6E0023155D /* SSLine.m */,
				46A6CB59192620E20023155D /* SSService.h */,
				46A6CB5A192620E30023155D /* SSService.m */,
				55C9828719260E6B001D8297 /* Images.xcassets */,
				55C9827619260E6B001D8297 /* Supporting Files */,
			);
			path = ShortStop;
			sourceTree = "<group>";
		};
		55C9827619260E6B001D8297 /* Supporting Files */ = {
			isa = PBXGroup;
			children = (
				46A6CB5D192641E20023155D /* stops.json */,
				55C9827719260E6B001D8297 /* ShortStop-Info.plist */,
				55C9827819260E6B001D8297 /* InfoPlist.strings */,
				55C9827B19260E6B001D8297 /* main.m */,
				55C9827D19260E6B001D8297 /* ShortStop-Prefix.pch */,
			);
			name = "Supporting Files";
			sourceTree = "<group>";
		};
		55C9829419260E6C001D8297 /* ShortStopTests */ = {
			isa = PBXGroup;
			children = (
				55C9829A19260E6C001D8297 /* ShortStopTests.m */,
				55C9829519260E6C001D8297 /* Supporting Files */,
			);
			path = ShortStopTests;
			sourceTree = "<group>";
		};
		55C9829519260E6C001D8297 /* Supporting Files */ = {
			isa = PBXGroup;
			children = (
				55C9829619260E6C001D8297 /* ShortStopTests-Info.plist */,
				55C9829719260E6C001D8297 /* InfoPlist.strings */,
			);
			name = "Supporting Files";
			sourceTree = "<group>";
		};
/* End PBXGroup section */

/* Begin PBXNativeTarget section */
		55C9826B19260E6B001D8297 /* ShortStop */ = {
			isa = PBXNativeTarget;
			buildConfigurationList = 55C9829E19260E6C001D8297 /* Build configuration list for PBXNativeTarget "ShortStop" */;
			buildPhases = (
				55C9826819260E6B001D8297 /* Sources */,
				55C9826919260E6B001D8297 /* Frameworks */,
				55C9826A19260E6B001D8297 /* Resources */,
			);
			buildRules = (
			);
			dependencies = (
			);
			name = ShortStop;
			productName = ShortStop;
			productReference = 55C9826C19260E6B001D8297 /* ShortStop.app */;
			productType = "com.apple.product-type.application";
		};
		55C9828C19260E6C001D8297 /* ShortStopTests */ = {
			isa = PBXNativeTarget;
			buildConfigurationList = 55C982A119260E6C001D8297 /* Build configuration list for PBXNativeTarget "ShortStopTests" */;
			buildPhases = (
				55C9828919260E6C001D8297 /* Sources */,
				55C9828A19260E6C001D8297 /* Frameworks */,
				55C9828B19260E6C001D8297 /* Resources */,
			);
			buildRules = (
			);
			dependencies = (
				55C9829319260E6C001D8297 /* PBXTargetDependency */,
			);
			name = ShortStopTests;
			productName = ShortStopTests;
			productReference = 55C9828D19260E6C001D8297 /* ShortStopTests.xctest */;
			productType = "com.apple.product-type.bundle.unit-test";
		};
/* End PBXNativeTarget section */

/* Begin PBXProject section */
		55C9826419260E6B001D8297 /* Project object */ = {
			isa = PBXProject;
			attributes = {
				CLASSPREFIX = SS;
				LastUpgradeCheck = 0510;
				ORGANIZATIONNAME = "Berlin Drei Stopp";
				TargetAttributes = {
					55C9828C19260E6C001D8297 = {
						TestTargetID = 55C9826B19260E6B001D8297;
					};
				};
			};
			buildConfigurationList = 55C9826719260E6B001D8297 /* Build configuration list for PBXProject "ShortStop" */;
			compatibilityVersion = "Xcode 3.2";
			developmentRegion = English;
			hasScannedForEncodings = 0;
			knownRegions = (
				en,
				Base,
			);
			mainGroup = 55C9826319260E6B001D8297;
			productRefGroup = 55C9826D19260E6B001D8297 /* Products */;
			projectDirPath = "";
			projectRoot = "";
			targets = (
				55C9826B19260E6B001D8297 /* ShortStop */,
				55C9828C19260E6C001D8297 /* ShortStopTests */,
			);
		};
/* End PBXProject section */

/* Begin PBXResourcesBuildPhase section */
		55C9826A19260E6B001D8297 /* Resources */ = {
			isa = PBXResourcesBuildPhase;
			buildActionMask = 2147483647;
			files = (
				55C9828819260E6B001D8297 /* Images.xcassets in Resources */,
				55C9827A19260E6B001D8297 /* InfoPlist.strings in Resources */,
				46A6CB5F192641E20023155D /* stops.json in Resources */,
				55C9828319260E6B001D8297 /* Main.storyboard in Resources */,
			);
			runOnlyForDeploymentPostprocessing = 0;
		};
		55C9828B19260E6C001D8297 /* Resources */ = {
			isa = PBXResourcesBuildPhase;
			buildActionMask = 2147483647;
			files = (
				55C9829919260E6C001D8297 /* InfoPlist.strings in Resources */,
			);
			runOnlyForDeploymentPostprocessing = 0;
		};
/* End PBXResourcesBuildPhase section */

/* Begin PBXSourcesBuildPhase section */
		55C9826819260E6B001D8297 /* Sources */ = {
			isa = PBXSourcesBuildPhase;
			buildActionMask = 2147483647;
			files = (
				55C982A8192610FA001D8297 /* SSLocationManager.m in Sources */,
				55C9828619260E6B001D8297 /* SSViewController.m in Sources */,
				55C9828019260E6B001D8297 /* SSAppDelegate.m in Sources */,
				46A6CB5519261B8A0023155D /* SSStop.m in Sources */,
				46A6CB5B192620E30023155D /* SSService.m in Sources */,
				55C9827C19260E6B001D8297 /* main.m in Sources */,
				46A6CB5819261D6E0023155D /* SSLine.m in Sources */,
			);
			runOnlyForDeploymentPostprocessing = 0;
		};
		55C9828919260E6C001D8297 /* Sources */ = {
			isa = PBXSourcesBuildPhase;
			buildActionMask = 2147483647;
			files = (
				55C9829B19260E6C001D8297 /* ShortStopTests.m in Sources */,
			);
			runOnlyForDeploymentPostprocessing = 0;
		};
/* End PBXSourcesBuildPhase section */

/* Begin PBXTargetDependency section */
		55C9829319260E6C001D8297 /* PBXTargetDependency */ = {
			isa = PBXTargetDependency;
			target = 55C9826B19260E6B001D8297 /* ShortStop */;
			targetProxy = 55C9829219260E6C001D8297 /* PBXContainerItemProxy */;
		};
/* End PBXTargetDependency section */

/* Begin PBXVariantGroup section */
		55C9827819260E6B001D8297 /* InfoPlist.strings */ = {
			isa = PBXVariantGroup;
			children = (
				55C9827919260E6B001D8297 /* en */,
			);
			name = InfoPlist.strings;
			sourceTree = "<group>";
		};
		55C9828119260E6B001D8297 /* Main.storyboard */ = {
			isa = PBXVariantGroup;
			children = (
				55C9828219260E6B001D8297 /* Base */,
			);
			name = Main.storyboard;
			sourceTree = "<group>";
		};
		55C9829719260E6C001D8297 /* InfoPlist.strings */ = {
			isa = PBXVariantGroup;
			children = (
				55C9829819260E6C001D8297 /* en */,
			);
			name = InfoPlist.strings;
			sourceTree = "<group>";
		};
/* End PBXVariantGroup section */

/* Begin XCBuildConfiguration section */
		55C9829C19260E6C001D8297 /* Debug */ = {
			isa = XCBuildConfiguration;
			buildSettings = {
				ALWAYS_SEARCH_USER_PATHS = NO;
				CLANG_CXX_LANGUAGE_STANDARD = "gnu++0x";
				CLANG_CXX_LIBRARY = "libc++";
				CLANG_ENABLE_MODULES = YES;
				CLANG_ENABLE_OBJC_ARC = YES;
				CLANG_WARN_BOOL_CONVERSION = YES;
				CLANG_WARN_CONSTANT_CONVERSION = YES;
				CLANG_WARN_DIRECT_OBJC_ISA_USAGE = YES_ERROR;
				CLANG_WARN_EMPTY_BODY = YES;
				CLANG_WARN_ENUM_CONVERSION = YES;
				CLANG_WARN_INT_CONVERSION = YES;
				CLANG_WARN_OBJC_ROOT_CLASS = YES_ERROR;
				CLANG_WARN__DUPLICATE_METHOD_MATCH = YES;
				"CODE_SIGN_IDENTITY[sdk=iphoneos*]" = "iPhone Developer";
				COPY_PHASE_STRIP = NO;
				GCC_C_LANGUAGE_STANDARD = gnu99;
				GCC_DYNAMIC_NO_PIC = NO;
				GCC_OPTIMIZATION_LEVEL = 0;
				GCC_PREPROCESSOR_DEFINITIONS = (
					"DEBUG=1",
					"$(inherited)",
				);
				GCC_SYMBOLS_PRIVATE_EXTERN = NO;
				GCC_WARN_64_TO_32_BIT_CONVERSION = YES;
				GCC_WARN_ABOUT_RETURN_TYPE = YES_ERROR;
				GCC_WARN_UNDECLARED_SELECTOR = YES;
				GCC_WARN_UNINITIALIZED_AUTOS = YES_AGGRESSIVE;
				GCC_WARN_UNUSED_FUNCTION = YES;
				GCC_WARN_UNUSED_VARIABLE = YES;
				IPHONEOS_DEPLOYMENT_TARGET = 7.1;
				ONLY_ACTIVE_ARCH = YES;
				SDKROOT = iphoneos;
			};
			name = Debug;
		};
		55C9829D19260E6C001D8297 /* Release */ = {
			isa = XCBuildConfiguration;
			buildSettings = {
				ALWAYS_SEARCH_USER_PATHS = NO;
				CLANG_CXX_LANGUAGE_STANDARD = "gnu++0x";
				CLANG_CXX_LIBRARY = "libc++";
				CLANG_ENABLE_MODULES = YES;
				CLANG_ENABLE_OBJC_ARC = YES;
				CLANG_WARN_BOOL_CONVERSION = YES;
				CLANG_WARN_CONSTANT_CONVERSION = YES;
				CLANG_WARN_DIRECT_OBJC_ISA_USAGE = YES_ERROR;
				CLANG_WARN_EMPTY_BODY = YES;
				CLANG_WARN_ENUM_CONVERSION = YES;
				CLANG_WARN_INT_CONVERSION = YES;
				CLANG_WARN_OBJC_ROOT_CLASS = YES_ERROR;
				CLANG_WARN__DUPLICATE_METHOD_MATCH = YES;
				"CODE_SIGN_IDENTITY[sdk=iphoneos*]" = "iPhone Developer";
				COPY_PHASE_STRIP = YES;
				ENABLE_NS_ASSERTIONS = NO;
				GCC_C_LANGUAGE_STANDARD = gnu99;
				GCC_WARN_64_TO_32_BIT_CONVERSION = YES;
				GCC_WARN_ABOUT_RETURN_TYPE = YES_ERROR;
				GCC_WARN_UNDECLARED_SELECTOR = YES;
				GCC_WARN_UNINITIALIZED_AUTOS = YES_AGGRESSIVE;
				GCC_WARN_UNUSED_FUNCTION = YES;
				GCC_WARN_UNUSED_VARIABLE = YES;
				IPHONEOS_DEPLOYMENT_TARGET = 7.1;
				SDKROOT = iphoneos;
				VALIDATE_PRODUCT = YES;
			};
			name = Release;
		};
		55C9829F19260E6C001D8297 /* Debug */ = {
			isa = XCBuildConfiguration;
			buildSettings = {
				ASSETCATALOG_COMPILER_APPICON_NAME = AppIcon;
				ASSETCATALOG_COMPILER_LAUNCHIMAGE_NAME = LaunchImage;
				GCC_PRECOMPILE_PREFIX_HEADER = YES;
				GCC_PREFIX_HEADER = "ShortStop/ShortStop-Prefix.pch";
				INFOPLIST_FILE = "ShortStop/ShortStop-Info.plist";
				PRODUCT_NAME = "$(TARGET_NAME)";
				WRAPPER_EXTENSION = app;
			};
			name = Debug;
		};
		55C982A019260E6C001D8297 /* Release */ = {
			isa = XCBuildConfiguration;
			buildSettings = {
				ASSETCATALOG_COMPILER_APPICON_NAME = AppIcon;
				ASSETCATALOG_COMPILER_LAUNCHIMAGE_NAME = LaunchImage;
				GCC_PRECOMPILE_PREFIX_HEADER = YES;
				GCC_PREFIX_HEADER = "ShortStop/ShortStop-Prefix.pch";
				INFOPLIST_FILE = "ShortStop/ShortStop-Info.plist";
				PRODUCT_NAME = "$(TARGET_NAME)";
				WRAPPER_EXTENSION = app;
			};
			name = Release;
		};
		55C982A219260E6C001D8297 /* Debug */ = {
			isa = XCBuildConfiguration;
			buildSettings = {
				BUNDLE_LOADER = "$(BUILT_PRODUCTS_DIR)/ShortStop.app/ShortStop";
				FRAMEWORK_SEARCH_PATHS = (
					"$(SDKROOT)/Developer/Library/Frameworks",
					"$(inherited)",
					"$(DEVELOPER_FRAMEWORKS_DIR)",
				);
				GCC_PRECOMPILE_PREFIX_HEADER = YES;
				GCC_PREFIX_HEADER = "ShortStop/ShortStop-Prefix.pch";
				GCC_PREPROCESSOR_DEFINITIONS = (
					"DEBUG=1",
					"$(inherited)",
				);
				INFOPLIST_FILE = "ShortStopTests/ShortStopTests-Info.plist";
				PRODUCT_NAME = "$(TARGET_NAME)";
				TEST_HOST = "$(BUNDLE_LOADER)";
				WRAPPER_EXTENSION = xctest;
			};
			name = Debug;
		};
		55C982A319260E6C001D8297 /* Release */ = {
			isa = XCBuildConfiguration;
			buildSettings = {
				BUNDLE_LOADER = "$(BUILT_PRODUCTS_DIR)/ShortStop.app/ShortStop";
				FRAMEWORK_SEARCH_PATHS = (
					"$(SDKROOT)/Developer/Library/Frameworks",
					"$(inherited)",
					"$(DEVELOPER_FRAMEWORKS_DIR)",
				);
				GCC_PRECOMPILE_PREFIX_HEADER = YES;
				GCC_PREFIX_HEADER = "ShortStop/ShortStop-Prefix.pch";
				INFOPLIST_FILE = "ShortStopTests/ShortStopTests-Info.plist";
				PRODUCT_NAME = "$(TARGET_NAME)";
				TEST_HOST = "$(BUNDLE_LOADER)";
				WRAPPER_EXTENSION = xctest;
			};
			name = Release;
		};
/* End XCBuildConfiguration section */

/* Begin XCConfigurationList section */
		55C9826719260E6B001D8297 /* Build configuration list for PBXProject "ShortStop" */ = {
			isa = XCConfigurationList;
			buildConfigurations = (
				55C9829C19260E6C001D8297 /* Debug */,
				55C9829D19260E6C001D8297 /* Release */,
			);
			defaultConfigurationIsVisible = 0;
			defaultConfigurationName = Release;
		};
		55C9829E19260E6C001D8297 /* Build configuration list for PBXNativeTarget "ShortStop" */ = {
			isa = XCConfigurationList;
			buildConfigurations = (
				55C9829F19260E6C001D8297 /* Debug */,
				55C982A019260E6C001D8297 /* Release */,
			);
			defaultConfigurationIsVisible = 0;
			defaultConfigurationName = Release;
		};
		55C982A119260E6C001D8297 /* Build configuration list for PBXNativeTarget "ShortStopTests" */ = {
			isa = XCConfigurationList;
			buildConfigurations = (
				55C982A219260E6C001D8297 /* Debug */,
				55C982A319260E6C001D8297 /* Release */,
			);
			defaultConfigurationIsVisible = 0;
			defaultConfigurationName = Release;
		};
/* End XCConfigurationList section */
	};
	rootObject = 55C9826419260E6B001D8297 /* Project object */;
}
